// !$*UTF8*$!
{
	archiveVersion = 1;
	classes = {
	};
	objectVersion = 46;
	objects = {

/* Begin PBXBuildFile section */
		091FC4211FD0FBA2009E534B /* NSUserAccount.m in Sources */ = {isa = PBXBuildFile; fileRef = 091FC4171FD0FBA2009E534B /* NSUserAccount.m */; };
		091FC4231FD0FBA2009E534B /* NSUserAccount+CoreDataProperties.m in Sources */ = {isa = PBXBuildFile; fileRef = 091FC4191FD0FBA2009E534B /* NSUserAccount+CoreDataProperties.m */; };
		091FC4241FD0FBA2009E534B /* NGObjectFillHelper.m in Sources */ = {isa = PBXBuildFile; fileRef = 091FC41A1FD0FBA2009E534B /* NGObjectFillHelper.m */; };
		091FC4251FD0FBA2009E534B /* NSModel.m in Sources */ = {isa = PBXBuildFile; fileRef = 091FC41E1FD0FBA2009E534B /* NSModel.m */; };
		091FC42E1FD0FBD1009E534B /* AppViewController.swift in Sources */ = {isa = PBXBuildFile; fileRef = 091FC4271FD0FBD1009E534B /* AppViewController.swift */; };
		091FC42F1FD0FBD1009E534B /* SubViewController.m in Sources */ = {isa = PBXBuildFile; fileRef = 091FC4291FD0FBD1009E534B /* SubViewController.m */; };
		091FC4301FD0FBD1009E534B /* MainViewController.m in Sources */ = {isa = PBXBuildFile; fileRef = 091FC42A1FD0FBD1009E534B /* MainViewController.m */; };
		091FC4311FD0FBD1009E534B /* QRViewController.m in Sources */ = {isa = PBXBuildFile; fileRef = 091FC42B1FD0FBD1009E534B /* QRViewController.m */; };
		091FC43B1FD0FE9F009E534B /* NGJSONParametersKeys.m in Sources */ = {isa = PBXBuildFile; fileRef = 091FC43A1FD0FE9F009E534B /* NGJSONParametersKeys.m */; };
		095C8C841FB3F3E80085B01E /* NGBackendClient.m in Sources */ = {isa = PBXBuildFile; fileRef = 095C8C811FB3F3E80085B01E /* NGBackendClient.m */; };
		095C8C851FB3F3E80085B01E /* NGHTTPClient.m in Sources */ = {isa = PBXBuildFile; fileRef = 095C8C831FB3F3E80085B01E /* NGHTTPClient.m */; };
		095C8D6D1FB404680085B01E /* libAFNetworking.a in Frameworks */ = {isa = PBXBuildFile; fileRef = 095C8D511FB404680085B01E /* libAFNetworking.a */; };
		095C8D811FB4055A0085B01E /* NGBackendRequestOperation.m in Sources */ = {isa = PBXBuildFile; fileRef = 095C8D7C1FB4055A0085B01E /* NGBackendRequestOperation.m */; };
		095C8D821FB4055A0085B01E /* NGCascadeRequestOperation.m in Sources */ = {isa = PBXBuildFile; fileRef = 095C8D7E1FB4055A0085B01E /* NGCascadeRequestOperation.m */; };
		095C8D831FB4055A0085B01E /* NGRequestWrapper.m in Sources */ = {isa = PBXBuildFile; fileRef = 095C8D801FB4055A0085B01E /* NGRequestWrapper.m */; };
		095C8D8B1FB431960085B01E /* KeychainItemWrapper.m in Sources */ = {isa = PBXBuildFile; fileRef = 095C8D8A1FB431960085B01E /* KeychainItemWrapper.m */; settings = {COMPILER_FLAGS = "-fno-objc-arc"; }; };
		095C8D8E1FB433CB0085B01E /* SystemConfiguration.framework in Frameworks */ = {isa = PBXBuildFile; fileRef = 095C8D8D1FB433CB0085B01E /* SystemConfiguration.framework */; };
		095C8D901FB433D00085B01E /* UIKit.framework in Frameworks */ = {isa = PBXBuildFile; fileRef = 095C8D8F1FB433D00085B01E /* UIKit.framework */; };
		095C8D921FB433D60085B01E /* Foundation.framework in Frameworks */ = {isa = PBXBuildFile; fileRef = 095C8D911FB433D60085B01E /* Foundation.framework */; };
		095C8D941FB433DC0085B01E /* CoreFoundation.framework in Frameworks */ = {isa = PBXBuildFile; fileRef = 095C8D931FB433DC0085B01E /* CoreFoundation.framework */; };
		095C8D961FB4341D0085B01E /* CoreData.framework in Frameworks */ = {isa = PBXBuildFile; fileRef = 095C8D951FB4341D0085B01E /* CoreData.framework */; };
		095C8D991FB434FC0085B01E /* NGRequestEndpoints.m in Sources */ = {isa = PBXBuildFile; fileRef = 095C8D981FB434FC0085B01E /* NGRequestEndpoints.m */; };
		095C8DA41FB443040085B01E /* Branding.plist in Resources */ = {isa = PBXBuildFile; fileRef = 095C8DA31FB443040085B01E /* Branding.plist */; };
		095C8DAB1FB44C820085B01E /* ConfigSetting.xcconfig in Resources */ = {isa = PBXBuildFile; fileRef = 095C8DAA1FB44C820085B01E /* ConfigSetting.xcconfig */; };
		095C8DAD1FB44C8E0085B01E /* BrandedImages.xcassets in Resources */ = {isa = PBXBuildFile; fileRef = 095C8DAC1FB44C8E0085B01E /* BrandedImages.xcassets */; };
		095C8DF01FB45B840085B01E /* MBProgressHUD+CZ.m in Sources */ = {isa = PBXBuildFile; fileRef = 095C8DEC1FB45B840085B01E /* MBProgressHUD+CZ.m */; };
		095C8DF11FB45B840085B01E /* MBProgressHUD.bundle in Resources */ = {isa = PBXBuildFile; fileRef = 095C8DED1FB45B840085B01E /* MBProgressHUD.bundle */; };
		095C8DF21FB45B840085B01E /* MBProgressHUD.m in Sources */ = {isa = PBXBuildFile; fileRef = 095C8DEF1FB45B840085B01E /* MBProgressHUD.m */; };
		095C8DF41FB45DBF0085B01E /* MobileCoreServices.framework in Frameworks */ = {isa = PBXBuildFile; fileRef = 095C8DF31FB45DBF0085B01E /* MobileCoreServices.framework */; };
		0979DE9E1FC6C18A00AA1D34 /* Main.storyboard in Resources */ = {isa = PBXBuildFile; fileRef = 0979DEA01FC6C18A00AA1D34 /* Main.storyboard */; };
		098E5BCA1FB19A3C005A1991 /* main.m in Sources */ = {isa = PBXBuildFile; fileRef = 098E5BC91FB19A3C005A1991 /* main.m */; };
		098E5BCD1FB19A3C005A1991 /* AppDelegate.m in Sources */ = {isa = PBXBuildFile; fileRef = 098E5BCC1FB19A3C005A1991 /* AppDelegate.m */; };
		098E5BD51FB19A3C005A1991 /* Assets.xcassets in Resources */ = {isa = PBXBuildFile; fileRef = 098E5BD41FB19A3C005A1991 /* Assets.xcassets */; };
		098E5BD81FB19A3C005A1991 /* LaunchScreen.storyboard in Resources */ = {isa = PBXBuildFile; fileRef = 098E5BD61FB19A3C005A1991 /* LaunchScreen.storyboard */; };
		099770401FD0049800A128A4 /* CurrentModel.xcdatamodeld in Sources */ = {isa = PBXBuildFile; fileRef = 0997703E1FD0049800A128A4 /* CurrentModel.xcdatamodeld */; };
		09A4115F1FC426C50092FD46 /* NGViewHighlightControl.m in Sources */ = {isa = PBXBuildFile; fileRef = 09A4115E1FC426C50092FD46 /* NGViewHighlightControl.m */; };
		09B14DF51FCC13DE001CEC81 /* AVFoundation.framework in Frameworks */ = {isa = PBXBuildFile; fileRef = 09B14DF41FCC13DE001CEC81 /* AVFoundation.framework */; };
		09E8C3901FCD6EC900FA7040 /* MagicalRecord+iCloud.m in Sources */ = {isa = PBXBuildFile; fileRef = 09E8C3571FCD6EC900FA7040 /* MagicalRecord+iCloud.m */; };
		09E8C3911FCD6EC900FA7040 /* MagicalRecord+Setup.m in Sources */ = {isa = PBXBuildFile; fileRef = 09E8C35A1FCD6EC900FA7040 /* MagicalRecord+Setup.m */; };
		09E8C3921FCD6EC900FA7040 /* MagicalRecord.m in Sources */ = {isa = PBXBuildFile; fileRef = 09E8C35C1FCD6EC900FA7040 /* MagicalRecord.m */; };
		09E8C3931FCD6EC900FA7040 /* MagicalRecord+Actions.m in Sources */ = {isa = PBXBuildFile; fileRef = 09E8C35E1FCD6EC900FA7040 /* MagicalRecord+Actions.m */; };
		09E8C3941FCD6EC900FA7040 /* MagicalRecord+ShorthandSupport.m in Sources */ = {isa = PBXBuildFile; fileRef = 09E8C3601FCD6EC900FA7040 /* MagicalRecord+ShorthandSupport.m */; };
		09E8C3951FCD6EC900FA7040 /* MagicalRecord+Options.m in Sources */ = {isa = PBXBuildFile; fileRef = 09E8C3611FCD6EC900FA7040 /* MagicalRecord+Options.m */; };
		09E8C3961FCD6EC900FA7040 /* MagicalRecord+ErrorHandling.m in Sources */ = {isa = PBXBuildFile; fileRef = 09E8C3631FCD6EC900FA7040 /* MagicalRecord+ErrorHandling.m */; };
		09E8C3971FCD6EC900FA7040 /* NSPersistentStore+MagicalRecord.m in Sources */ = {isa = PBXBuildFile; fileRef = 09E8C3671FCD6EC900FA7040 /* NSPersistentStore+MagicalRecord.m */; };
		09E8C3981FCD6EC900FA7040 /* NSManagedObjectModel+MagicalRecord.m in Sources */ = {isa = PBXBuildFile; fileRef = 09E8C3681FCD6EC900FA7040 /* NSManagedObjectModel+MagicalRecord.m */; };
		09E8C3991FCD6EC900FA7040 /* NSManagedObject+MagicalFinders.m in Sources */ = {isa = PBXBuildFile; fileRef = 09E8C36B1FCD6EC900FA7040 /* NSManagedObject+MagicalFinders.m */; };
		09E8C39A1FCD6EC900FA7040 /* NSManagedObject+MagicalRecord.m in Sources */ = {isa = PBXBuildFile; fileRef = 09E8C36E1FCD6EC900FA7040 /* NSManagedObject+MagicalRecord.m */; };
		09E8C39B1FCD6EC900FA7040 /* NSManagedObject+MagicalAggregation.m in Sources */ = {isa = PBXBuildFile; fileRef = 09E8C3711FCD6EC900FA7040 /* NSManagedObject+MagicalAggregation.m */; };
		09E8C39C1FCD6EC900FA7040 /* NSManagedObject+MagicalDataImport.m in Sources */ = {isa = PBXBuildFile; fileRef = 09E8C3721FCD6EC900FA7040 /* NSManagedObject+MagicalDataImport.m */; };
		09E8C39D1FCD6EC900FA7040 /* NSManagedObject+MagicalRequests.m in Sources */ = {isa = PBXBuildFile; fileRef = 09E8C3741FCD6EC900FA7040 /* NSManagedObject+MagicalRequests.m */; };
		09E8C39E1FCD6EC900FA7040 /* NSManagedObjectContext+MagicalSaves.m in Sources */ = {isa = PBXBuildFile; fileRef = 09E8C3791FCD6EC900FA7040 /* NSManagedObjectContext+MagicalSaves.m */; };
		09E8C39F1FCD6EC900FA7040 /* NSManagedObjectContext+MagicalObserving.m in Sources */ = {isa = PBXBuildFile; fileRef = 09E8C37A1FCD6EC900FA7040 /* NSManagedObjectContext+MagicalObserving.m */; };
		09E8C3A01FCD6EC900FA7040 /* NSManagedObjectContext+MagicalRecord.m in Sources */ = {isa = PBXBuildFile; fileRef = 09E8C37B1FCD6EC900FA7040 /* NSManagedObjectContext+MagicalRecord.m */; };
		09E8C3A11FCD6EC900FA7040 /* NSManagedObjectContext+MagicalThreading.m in Sources */ = {isa = PBXBuildFile; fileRef = 09E8C37D1FCD6EC900FA7040 /* NSManagedObjectContext+MagicalThreading.m */; };
		09E8C3A21FCD6EC900FA7040 /* NSNumber+MagicalDataImport.m in Sources */ = {isa = PBXBuildFile; fileRef = 09E8C37F1FCD6EC900FA7040 /* NSNumber+MagicalDataImport.m */; };
		09E8C3A31FCD6EC900FA7040 /* NSAttributeDescription+MagicalDataImport.m in Sources */ = {isa = PBXBuildFile; fileRef = 09E8C3841FCD6EC900FA7040 /* NSAttributeDescription+MagicalDataImport.m */; };
		09E8C3A41FCD6EC900FA7040 /* NSEntityDescription+MagicalDataImport.m in Sources */ = {isa = PBXBuildFile; fileRef = 09E8C3871FCD6EC900FA7040 /* NSEntityDescription+MagicalDataImport.m */; };
		09E8C3A51FCD6EC900FA7040 /* MagicalImportFunctions.m in Sources */ = {isa = PBXBuildFile; fileRef = 09E8C3881FCD6EC900FA7040 /* MagicalImportFunctions.m */; };
		09E8C3A61FCD6EC900FA7040 /* NSObject+MagicalDataImport.m in Sources */ = {isa = PBXBuildFile; fileRef = 09E8C3891FCD6EC900FA7040 /* NSObject+MagicalDataImport.m */; };
		09E8C3A71FCD6EC900FA7040 /* NSRelationshipDescription+MagicalDataImport.m in Sources */ = {isa = PBXBuildFile; fileRef = 09E8C38A1FCD6EC900FA7040 /* NSRelationshipDescription+MagicalDataImport.m */; };
		09E8C3A81FCD6EC900FA7040 /* NSString+MagicalDataImport.m in Sources */ = {isa = PBXBuildFile; fileRef = 09E8C38C1FCD6EC900FA7040 /* NSString+MagicalDataImport.m */; };
		09E8C3A91FCD6EC900FA7040 /* NSPersistentStoreCoordinator+MagicalRecord.m in Sources */ = {isa = PBXBuildFile; fileRef = 09E8C38F1FCD6EC900FA7040 /* NSPersistentStoreCoordinator+MagicalRecord.m */; };
		09E8E1451FD4F40900119CE2 /* UseAccountViewController.m in Sources */ = {isa = PBXBuildFile; fileRef = 09E8E1441FD4F40900119CE2 /* UseAccountViewController.m */; };
		09E8E14A1FD5473300119CE2 /* BaseViewController.m in Sources */ = {isa = PBXBuildFile; fileRef = 09E8E1491FD5473300119CE2 /* BaseViewController.m */; };
		09FA36D41FC7FAED0005335A /* Localizable.strings in Resources */ = {isa = PBXBuildFile; fileRef = 09FA36D61FC7FAED0005335A /* Localizable.strings */; };
		09FA36E61FC810240005335A /* UIImage+NGMethods.m in Sources */ = {isa = PBXBuildFile; fileRef = 09FA36E31FC810240005335A /* UIImage+NGMethods.m */; };
		09FA36E71FC810240005335A /* UIView+Frame.m in Sources */ = {isa = PBXBuildFile; fileRef = 09FA36E51FC810240005335A /* UIView+Frame.m */; };
		09FA36EE1FC81B7B0005335A /* CoreGraphics.framework in Frameworks */ = {isa = PBXBuildFile; fileRef = 09FA36ED1FC81B7B0005335A /* CoreGraphics.framework */; };
/* End PBXBuildFile section */

/* Begin PBXFileReference section */
		091FC4171FD0FBA2009E534B /* NSUserAccount.m */ = {isa = PBXFileReference; fileEncoding = 4; lastKnownFileType = sourcecode.c.objc; path = NSUserAccount.m; sourceTree = "<group>"; };
		091FC4191FD0FBA2009E534B /* NSUserAccount+CoreDataProperties.m */ = {isa = PBXFileReference; fileEncoding = 4; lastKnownFileType = sourcecode.c.objc; path = "NSUserAccount+CoreDataProperties.m"; sourceTree = "<group>"; };
		091FC41A1FD0FBA2009E534B /* NGObjectFillHelper.m */ = {isa = PBXFileReference; fileEncoding = 4; lastKnownFileType = sourcecode.c.objc; path = NGObjectFillHelper.m; sourceTree = "<group>"; };
		091FC41B1FD0FBA2009E534B /* NSModel.h */ = {isa = PBXFileReference; fileEncoding = 4; lastKnownFileType = sourcecode.c.h; path = NSModel.h; sourceTree = "<group>"; };
		091FC41C1FD0FBA2009E534B /* NSUserAccount.h */ = {isa = PBXFileReference; fileEncoding = 4; lastKnownFileType = sourcecode.c.h; path = NSUserAccount.h; sourceTree = "<group>"; };
		091FC41E1FD0FBA2009E534B /* NSModel.m */ = {isa = PBXFileReference; fileEncoding = 4; lastKnownFileType = sourcecode.c.objc; path = NSModel.m; sourceTree = "<group>"; };
		091FC41F1FD0FBA2009E534B /* NGObjectFillHelper.h */ = {isa = PBXFileReference; fileEncoding = 4; lastKnownFileType = sourcecode.c.h; path = NGObjectFillHelper.h; sourceTree = "<group>"; };
		091FC4201FD0FBA2009E534B /* NSUserAccount+CoreDataProperties.h */ = {isa = PBXFileReference; fileEncoding = 4; lastKnownFileType = sourcecode.c.h; path = "NSUserAccount+CoreDataProperties.h"; sourceTree = "<group>"; };
		091FC4271FD0FBD1009E534B /* AppViewController.swift */ = {isa = PBXFileReference; fileEncoding = 4; lastKnownFileType = sourcecode.swift; path = AppViewController.swift; sourceTree = "<group>"; };
		091FC4281FD0FBD1009E534B /* QRViewController.h */ = {isa = PBXFileReference; fileEncoding = 4; lastKnownFileType = sourcecode.c.h; path = QRViewController.h; sourceTree = "<group>"; };
		091FC4291FD0FBD1009E534B /* SubViewController.m */ = {isa = PBXFileReference; fileEncoding = 4; lastKnownFileType = sourcecode.c.objc; path = SubViewController.m; sourceTree = "<group>"; };
		091FC42A1FD0FBD1009E534B /* MainViewController.m */ = {isa = PBXFileReference; fileEncoding = 4; lastKnownFileType = sourcecode.c.objc; path = MainViewController.m; sourceTree = "<group>"; };
		091FC42B1FD0FBD1009E534B /* QRViewController.m */ = {isa = PBXFileReference; fileEncoding = 4; lastKnownFileType = sourcecode.c.objc; path = QRViewController.m; sourceTree = "<group>"; };
		091FC42C1FD0FBD1009E534B /* MainViewController.h */ = {isa = PBXFileReference; fileEncoding = 4; lastKnownFileType = sourcecode.c.h; path = MainViewController.h; sourceTree = "<group>"; };
		091FC42D1FD0FBD1009E534B /* SubViewController.h */ = {isa = PBXFileReference; fileEncoding = 4; lastKnownFileType = sourcecode.c.h; path = SubViewController.h; sourceTree = "<group>"; };
		091FC4391FD0FE9F009E534B /* NGJSONParametersKeys.h */ = {isa = PBXFileReference; fileEncoding = 4; lastKnownFileType = sourcecode.c.h; path = NGJSONParametersKeys.h; sourceTree = "<group>"; };
		091FC43A1FD0FE9F009E534B /* NGJSONParametersKeys.m */ = {isa = PBXFileReference; fileEncoding = 4; lastKnownFileType = sourcecode.c.objc; path = NGJSONParametersKeys.m; sourceTree = "<group>"; };
		095C8C801FB3F3E80085B01E /* NGBackendClient.h */ = {isa = PBXFileReference; fileEncoding = 4; lastKnownFileType = sourcecode.c.h; path = NGBackendClient.h; sourceTree = "<group>"; };
		095C8C811FB3F3E80085B01E /* NGBackendClient.m */ = {isa = PBXFileReference; fileEncoding = 4; lastKnownFileType = sourcecode.c.objc; path = NGBackendClient.m; sourceTree = "<group>"; };
		095C8C821FB3F3E80085B01E /* NGHTTPClient.h */ = {isa = PBXFileReference; fileEncoding = 4; lastKnownFileType = sourcecode.c.h; path = NGHTTPClient.h; sourceTree = "<group>"; };
		095C8C831FB3F3E80085B01E /* NGHTTPClient.m */ = {isa = PBXFileReference; fileEncoding = 4; lastKnownFileType = sourcecode.c.objc; path = NGHTTPClient.m; sourceTree = "<group>"; };
		095C8CBD1FB3F6AC0085B01E /* RequestTagList.h */ = {isa = PBXFileReference; fileEncoding = 4; lastKnownFileType = sourcecode.c.h; name = RequestTagList.h; path = http/RequestTagList.h; sourceTree = "<group>"; };
		095C8CBE1FB3F6AC0085B01E /* RequestUrls.h */ = {isa = PBXFileReference; fileEncoding = 4; lastKnownFileType = sourcecode.c.h; name = RequestUrls.h; path = http/RequestUrls.h; sourceTree = "<group>"; };
		095C8D471FB404680085B01E /* AFHTTPClient.h */ = {isa = PBXFileReference; fileEncoding = 4; lastKnownFileType = sourcecode.c.h; path = AFHTTPClient.h; sourceTree = "<group>"; };
		095C8D491FB404680085B01E /* AFImageRequestOperation.h */ = {isa = PBXFileReference; fileEncoding = 4; lastKnownFileType = sourcecode.c.h; path = AFImageRequestOperation.h; sourceTree = "<group>"; };
		095C8D4A1FB404680085B01E /* AFJSONRequestOperation.h */ = {isa = PBXFileReference; fileEncoding = 4; lastKnownFileType = sourcecode.c.h; path = AFJSONRequestOperation.h; sourceTree = "<group>"; };
		095C8D4B1FB404680085B01E /* AFNetworkActivityIndicatorManager.h */ = {isa = PBXFileReference; fileEncoding = 4; lastKnownFileType = sourcecode.c.h; path = AFNetworkActivityIndicatorManager.h; sourceTree = "<group>"; };
		095C8D4C1FB404680085B01E /* AFNetworking.h */ = {isa = PBXFileReference; fileEncoding = 4; lastKnownFileType = sourcecode.c.h; path = AFNetworking.h; sourceTree = "<group>"; };
		095C8D4D1FB404680085B01E /* AFPropertyListRequestOperation.h */ = {isa = PBXFileReference; fileEncoding = 4; lastKnownFileType = sourcecode.c.h; path = AFPropertyListRequestOperation.h; sourceTree = "<group>"; };
		095C8D4E1FB404680085B01E /* AFURLConnectionOperation.h */ = {isa = PBXFileReference; fileEncoding = 4; lastKnownFileType = sourcecode.c.h; path = AFURLConnectionOperation.h; sourceTree = "<group>"; };
		095C8D4F1FB404680085B01E /* AFXMLRequestOperation.h */ = {isa = PBXFileReference; fileEncoding = 4; lastKnownFileType = sourcecode.c.h; path = AFXMLRequestOperation.h; sourceTree = "<group>"; };
		095C8D501FB404680085B01E /* UIImageView+AFNetworking.h */ = {isa = PBXFileReference; fileEncoding = 4; lastKnownFileType = sourcecode.c.h; path = "UIImageView+AFNetworking.h"; sourceTree = "<group>"; };
		095C8D511FB404680085B01E /* libAFNetworking.a */ = {isa = PBXFileReference; lastKnownFileType = archive.ar; path = libAFNetworking.a; sourceTree = "<group>"; };
		095C8D7B1FB4055A0085B01E /* NGBackendRequestOperation.h */ = {isa = PBXFileReference; fileEncoding = 4; lastKnownFileType = sourcecode.c.h; path = NGBackendRequestOperation.h; sourceTree = "<group>"; };
		095C8D7C1FB4055A0085B01E /* NGBackendRequestOperation.m */ = {isa = PBXFileReference; fileEncoding = 4; lastKnownFileType = sourcecode.c.objc; path = NGBackendRequestOperation.m; sourceTree = "<group>"; };
		095C8D7D1FB4055A0085B01E /* NGCascadeRequestOperation.h */ = {isa = PBXFileReference; fileEncoding = 4; lastKnownFileType = sourcecode.c.h; path = NGCascadeRequestOperation.h; sourceTree = "<group>"; };
		095C8D7E1FB4055A0085B01E /* NGCascadeRequestOperation.m */ = {isa = PBXFileReference; fileEncoding = 4; lastKnownFileType = sourcecode.c.objc; path = NGCascadeRequestOperation.m; sourceTree = "<group>"; };
		095C8D7F1FB4055A0085B01E /* NGRequestWrapper.h */ = {isa = PBXFileReference; fileEncoding = 4; lastKnownFileType = sourcecode.c.h; path = NGRequestWrapper.h; sourceTree = "<group>"; };
		095C8D801FB4055A0085B01E /* NGRequestWrapper.m */ = {isa = PBXFileReference; fileEncoding = 4; lastKnownFileType = sourcecode.c.objc; path = NGRequestWrapper.m; sourceTree = "<group>"; };
		095C8D841FB41EB90085B01E /* AFHTTPRequestOperation.h */ = {isa = PBXFileReference; fileEncoding = 4; lastKnownFileType = sourcecode.c.h; path = AFHTTPRequestOperation.h; sourceTree = "<group>"; };
		095C8D891FB431960085B01E /* KeychainItemWrapper.h */ = {isa = PBXFileReference; fileEncoding = 4; lastKnownFileType = sourcecode.c.h; name = KeychainItemWrapper.h; path = Libs/KeychainItemWrapper.h; sourceTree = "<group>"; };
		095C8D8A1FB431960085B01E /* KeychainItemWrapper.m */ = {isa = PBXFileReference; fileEncoding = 4; lastKnownFileType = sourcecode.c.objc; name = KeychainItemWrapper.m; path = Libs/KeychainItemWrapper.m; sourceTree = "<group>"; };
		095C8D8D1FB433CB0085B01E /* SystemConfiguration.framework */ = {isa = PBXFileReference; lastKnownFileType = wrapper.framework; name = SystemConfiguration.framework; path = System/Library/Frameworks/SystemConfiguration.framework; sourceTree = SDKROOT; };
		095C8D8F1FB433D00085B01E /* UIKit.framework */ = {isa = PBXFileReference; lastKnownFileType = wrapper.framework; name = UIKit.framework; path = System/Library/Frameworks/UIKit.framework; sourceTree = SDKROOT; };
		095C8D911FB433D60085B01E /* Foundation.framework */ = {isa = PBXFileReference; lastKnownFileType = wrapper.framework; name = Foundation.framework; path = System/Library/Frameworks/Foundation.framework; sourceTree = SDKROOT; };
		095C8D931FB433DC0085B01E /* CoreFoundation.framework */ = {isa = PBXFileReference; lastKnownFileType = wrapper.framework; name = CoreFoundation.framework; path = System/Library/Frameworks/CoreFoundation.framework; sourceTree = SDKROOT; };
		095C8D951FB4341D0085B01E /* CoreData.framework */ = {isa = PBXFileReference; lastKnownFileType = wrapper.framework; name = CoreData.framework; path = System/Library/Frameworks/CoreData.framework; sourceTree = SDKROOT; };
		095C8D971FB434FC0085B01E /* NGRequestEndpoints.h */ = {isa = PBXFileReference; fileEncoding = 4; lastKnownFileType = sourcecode.c.h; path = NGRequestEndpoints.h; sourceTree = "<group>"; };
		095C8D981FB434FC0085B01E /* NGRequestEndpoints.m */ = {isa = PBXFileReference; fileEncoding = 4; lastKnownFileType = sourcecode.c.objc; path = NGRequestEndpoints.m; sourceTree = "<group>"; };
		095C8DA31FB443040085B01E /* Branding.plist */ = {isa = PBXFileReference; fileEncoding = 4; lastKnownFileType = text.plist.xml; name = Branding.plist; path = BrandingResources/ConfigTest/ios/Branding.plist; sourceTree = "<group>"; };
		095C8DAA1FB44C820085B01E /* ConfigSetting.xcconfig */ = {isa = PBXFileReference; fileEncoding = 4; lastKnownFileType = text.xcconfig; name = ConfigSetting.xcconfig; path = BrandingResources/ConfigTest/ios/ConfigSetting.xcconfig; sourceTree = "<group>"; };
		095C8DAC1FB44C8E0085B01E /* BrandedImages.xcassets */ = {isa = PBXFileReference; lastKnownFileType = folder.assetcatalog; name = BrandedImages.xcassets; path = BrandingResources/ConfigTest/ios/BrandedImages.xcassets; sourceTree = "<group>"; };
		095C8DEB1FB45B840085B01E /* MBProgressHUD+CZ.h */ = {isa = PBXFileReference; fileEncoding = 4; lastKnownFileType = sourcecode.c.h; path = "MBProgressHUD+CZ.h"; sourceTree = "<group>"; };
		095C8DEC1FB45B840085B01E /* MBProgressHUD+CZ.m */ = {isa = PBXFileReference; fileEncoding = 4; lastKnownFileType = sourcecode.c.objc; path = "MBProgressHUD+CZ.m"; sourceTree = "<group>"; };
		095C8DED1FB45B840085B01E /* MBProgressHUD.bundle */ = {isa = PBXFileReference; lastKnownFileType = "wrapper.plug-in"; path = MBProgressHUD.bundle; sourceTree = "<group>"; };
		095C8DEE1FB45B840085B01E /* MBProgressHUD.h */ = {isa = PBXFileReference; fileEncoding = 4; lastKnownFileType = sourcecode.c.h; path = MBProgressHUD.h; sourceTree = "<group>"; };
		095C8DEF1FB45B840085B01E /* MBProgressHUD.m */ = {isa = PBXFileReference; fileEncoding = 4; lastKnownFileType = sourcecode.c.objc; path = MBProgressHUD.m; sourceTree = "<group>"; };
		095C8DF31FB45DBF0085B01E /* MobileCoreServices.framework */ = {isa = PBXFileReference; lastKnownFileType = wrapper.framework; name = MobileCoreServices.framework; path = System/Library/Frameworks/MobileCoreServices.framework; sourceTree = SDKROOT; };
		0979DEA11FC6C19600AA1D34 /* Base */ = {isa = PBXFileReference; lastKnownFileType = file.storyboard; name = Base; path = Base.lproj/Main.storyboard; sourceTree = "<group>"; };
		098E5BC51FB19A3C005A1991 /* ConfigTest.app */ = {isa = PBXFileReference; explicitFileType = wrapper.application; includeInIndex = 0; path = ConfigTest.app; sourceTree = BUILT_PRODUCTS_DIR; };
		098E5BC91FB19A3C005A1991 /* main.m */ = {isa = PBXFileReference; lastKnownFileType = sourcecode.c.objc; path = main.m; sourceTree = "<group>"; };
		098E5BCB1FB19A3C005A1991 /* AppDelegate.h */ = {isa = PBXFileReference; lastKnownFileType = sourcecode.c.h; path = AppDelegate.h; sourceTree = "<group>"; };
		098E5BCC1FB19A3C005A1991 /* AppDelegate.m */ = {isa = PBXFileReference; lastKnownFileType = sourcecode.c.objc; path = AppDelegate.m; sourceTree = "<group>"; };
		098E5BD41FB19A3C005A1991 /* Assets.xcassets */ = {isa = PBXFileReference; lastKnownFileType = folder.assetcatalog; path = Assets.xcassets; sourceTree = "<group>"; };
		098E5BD71FB19A3C005A1991 /* Base */ = {isa = PBXFileReference; lastKnownFileType = file.storyboard; name = Base; path = Base.lproj/LaunchScreen.storyboard; sourceTree = "<group>"; };
		098E5BD91FB19A3C005A1991 /* Info.plist */ = {isa = PBXFileReference; lastKnownFileType = text.plist.xml; path = Info.plist; sourceTree = "<group>"; };
		098E5BE21FB19E12005A1991 /* PrefixHeader.pch */ = {isa = PBXFileReference; lastKnownFileType = sourcecode.c.h; name = PrefixHeader.pch; path = ../PrefixHeader.pch; sourceTree = "<group>"; };
		098E5BE71FB19E68005A1991 /* ConfigTest-Bridging-Header.h */ = {isa = PBXFileReference; lastKnownFileType = sourcecode.c.h; path = "ConfigTest-Bridging-Header.h"; sourceTree = SOURCE_ROOT; };
		098E5BFA1FB1B9F6005A1991 /* CustomDefines.h */ = {isa = PBXFileReference; lastKnownFileType = sourcecode.c.h; path = CustomDefines.h; sourceTree = "<group>"; };
		098E5BFB1FB1C3DE005A1991 /* DebugDefined.h */ = {isa = PBXFileReference; lastKnownFileType = sourcecode.c.h; path = DebugDefined.h; sourceTree = "<group>"; };
		0997703F1FD0049800A128A4 /* CurrentModel.xcdatamodel */ = {isa = PBXFileReference; lastKnownFileType = wrapper.xcdatamodel; path = CurrentModel.xcdatamodel; sourceTree = "<group>"; };
		09A4115D1FC426C50092FD46 /* NGViewHighlightControl.h */ = {isa = PBXFileReference; fileEncoding = 4; lastKnownFileType = sourcecode.c.h; path = NGViewHighlightControl.h; sourceTree = "<group>"; };
		09A4115E1FC426C50092FD46 /* NGViewHighlightControl.m */ = {isa = PBXFileReference; fileEncoding = 4; lastKnownFileType = sourcecode.c.objc; path = NGViewHighlightControl.m; sourceTree = "<group>"; };
		09B14DF41FCC13DE001CEC81 /* AVFoundation.framework */ = {isa = PBXFileReference; lastKnownFileType = wrapper.framework; name = AVFoundation.framework; path = System/Library/Frameworks/AVFoundation.framework; sourceTree = SDKROOT; };
		09E8C3561FCD6EC900FA7040 /* MagicalRecordShorthand.h */ = {isa = PBXFileReference; fileEncoding = 4; lastKnownFileType = sourcecode.c.h; path = MagicalRecordShorthand.h; sourceTree = "<group>"; };
		09E8C3571FCD6EC900FA7040 /* MagicalRecord+iCloud.m */ = {isa = PBXFileReference; fileEncoding = 4; lastKnownFileType = sourcecode.c.objc; path = "MagicalRecord+iCloud.m"; sourceTree = "<group>"; };
		09E8C3581FCD6EC900FA7040 /* MagicalRecord+Actions.h */ = {isa = PBXFileReference; fileEncoding = 4; lastKnownFileType = sourcecode.c.h; path = "MagicalRecord+Actions.h"; sourceTree = "<group>"; };
		09E8C3591FCD6EC900FA7040 /* MagicalRecord+ShorthandSupport.h */ = {isa = PBXFileReference; fileEncoding = 4; lastKnownFileType = sourcecode.c.h; path = "MagicalRecord+ShorthandSupport.h"; sourceTree = "<group>"; };
		09E8C35A1FCD6EC900FA7040 /* MagicalRecord+Setup.m */ = {isa = PBXFileReference; fileEncoding = 4; lastKnownFileType = sourcecode.c.objc; path = "MagicalRecord+Setup.m"; sourceTree = "<group>"; };
		09E8C35B1FCD6EC900FA7040 /* MagicalRecord+ErrorHandling.h */ = {isa = PBXFileReference; fileEncoding = 4; lastKnownFileType = sourcecode.c.h; path = "MagicalRecord+ErrorHandling.h"; sourceTree = "<group>"; };
		09E8C35C1FCD6EC900FA7040 /* MagicalRecord.m */ = {isa = PBXFileReference; fileEncoding = 4; lastKnownFileType = sourcecode.c.objc; path = MagicalRecord.m; sourceTree = "<group>"; };
		09E8C35D1FCD6EC900FA7040 /* MagicalRecord+Options.h */ = {isa = PBXFileReference; fileEncoding = 4; lastKnownFileType = sourcecode.c.h; path = "MagicalRecord+Options.h"; sourceTree = "<group>"; };
		09E8C35E1FCD6EC900FA7040 /* MagicalRecord+Actions.m */ = {isa = PBXFileReference; fileEncoding = 4; lastKnownFileType = sourcecode.c.objc; path = "MagicalRecord+Actions.m"; sourceTree = "<group>"; };
		09E8C35F1FCD6EC900FA7040 /* MagicalRecord+iCloud.h */ = {isa = PBXFileReference; fileEncoding = 4; lastKnownFileType = sourcecode.c.h; path = "MagicalRecord+iCloud.h"; sourceTree = "<group>"; };
		09E8C3601FCD6EC900FA7040 /* MagicalRecord+ShorthandSupport.m */ = {isa = PBXFileReference; fileEncoding = 4; lastKnownFileType = sourcecode.c.objc; path = "MagicalRecord+ShorthandSupport.m"; sourceTree = "<group>"; };
		09E8C3611FCD6EC900FA7040 /* MagicalRecord+Options.m */ = {isa = PBXFileReference; fileEncoding = 4; lastKnownFileType = sourcecode.c.objc; path = "MagicalRecord+Options.m"; sourceTree = "<group>"; };
		09E8C3621FCD6EC900FA7040 /* MagicalRecord.h */ = {isa = PBXFileReference; fileEncoding = 4; lastKnownFileType = sourcecode.c.h; path = MagicalRecord.h; sourceTree = "<group>"; };
		09E8C3631FCD6EC900FA7040 /* MagicalRecord+ErrorHandling.m */ = {isa = PBXFileReference; fileEncoding = 4; lastKnownFileType = sourcecode.c.objc; path = "MagicalRecord+ErrorHandling.m"; sourceTree = "<group>"; };
		09E8C3641FCD6EC900FA7040 /* MagicalRecord+Setup.h */ = {isa = PBXFileReference; fileEncoding = 4; lastKnownFileType = sourcecode.c.h; path = "MagicalRecord+Setup.h"; sourceTree = "<group>"; };
		09E8C3651FCD6EC900FA7040 /* CoreData+MagicalRecord.h */ = {isa = PBXFileReference; fileEncoding = 4; lastKnownFileType = sourcecode.c.h; path = "CoreData+MagicalRecord.h"; sourceTree = "<group>"; };
		09E8C3671FCD6EC900FA7040 /* NSPersistentStore+MagicalRecord.m */ = {isa = PBXFileReference; fileEncoding = 4; lastKnownFileType = sourcecode.c.objc; path = "NSPersistentStore+MagicalRecord.m"; sourceTree = "<group>"; };
		09E8C3681FCD6EC900FA7040 /* NSManagedObjectModel+MagicalRecord.m */ = {isa = PBXFileReference; fileEncoding = 4; lastKnownFileType = sourcecode.c.objc; path = "NSManagedObjectModel+MagicalRecord.m"; sourceTree = "<group>"; };
		09E8C3691FCD6EC900FA7040 /* NSPersistentStoreCoordinator+MagicalRecord.h */ = {isa = PBXFileReference; fileEncoding = 4; lastKnownFileType = sourcecode.c.h; path = "NSPersistentStoreCoordinator+MagicalRecord.h"; sourceTree = "<group>"; };
		09E8C36B1FCD6EC900FA7040 /* NSManagedObject+MagicalFinders.m */ = {isa = PBXFileReference; fileEncoding = 4; lastKnownFileType = sourcecode.c.objc; path = "NSManagedObject+MagicalFinders.m"; sourceTree = "<group>"; };
		09E8C36C1FCD6EC900FA7040 /* NSManagedObject+MagicalDataImport.h */ = {isa = PBXFileReference; fileEncoding = 4; lastKnownFileType = sourcecode.c.h; path = "NSManagedObject+MagicalDataImport.h"; sourceTree = "<group>"; };
		09E8C36D1FCD6EC900FA7040 /* NSManagedObject+MagicalAggregation.h */ = {isa = PBXFileReference; fileEncoding = 4; lastKnownFileType = sourcecode.c.h; path = "NSManagedObject+MagicalAggregation.h"; sourceTree = "<group>"; };
		09E8C36E1FCD6EC900FA7040 /* NSManagedObject+MagicalRecord.m */ = {isa = PBXFileReference; fileEncoding = 4; lastKnownFileType = sourcecode.c.objc; path = "NSManagedObject+MagicalRecord.m"; sourceTree = "<group>"; };
		09E8C36F1FCD6EC900FA7040 /* NSManagedObject+MagicalRequests.h */ = {isa = PBXFileReference; fileEncoding = 4; lastKnownFileType = sourcecode.c.h; path = "NSManagedObject+MagicalRequests.h"; sourceTree = "<group>"; };
		09E8C3701FCD6EC900FA7040 /* NSManagedObject+MagicalFinders.h */ = {isa = PBXFileReference; fileEncoding = 4; lastKnownFileType = sourcecode.c.h; path = "NSManagedObject+MagicalFinders.h"; sourceTree = "<group>"; };
		09E8C3711FCD6EC900FA7040 /* NSManagedObject+MagicalAggregation.m */ = {isa = PBXFileReference; fileEncoding = 4; lastKnownFileType = sourcecode.c.objc; path = "NSManagedObject+MagicalAggregation.m"; sourceTree = "<group>"; };
		09E8C3721FCD6EC900FA7040 /* NSManagedObject+MagicalDataImport.m */ = {isa = PBXFileReference; fileEncoding = 4; lastKnownFileType = sourcecode.c.objc; path = "NSManagedObject+MagicalDataImport.m"; sourceTree = "<group>"; };
		09E8C3731FCD6EC900FA7040 /* NSManagedObject+MagicalRecord.h */ = {isa = PBXFileReference; fileEncoding = 4; lastKnownFileType = sourcecode.c.h; path = "NSManagedObject+MagicalRecord.h"; sourceTree = "<group>"; };
		09E8C3741FCD6EC900FA7040 /* NSManagedObject+MagicalRequests.m */ = {isa = PBXFileReference; fileEncoding = 4; lastKnownFileType = sourcecode.c.objc; path = "NSManagedObject+MagicalRequests.m"; sourceTree = "<group>"; };
		09E8C3761FCD6EC900FA7040 /* NSManagedObjectContext+MagicalObserving.h */ = {isa = PBXFileReference; fileEncoding = 4; lastKnownFileType = sourcecode.c.h; path = "NSManagedObjectContext+MagicalObserving.h"; sourceTree = "<group>"; };
		09E8C3771FCD6EC900FA7040 /* NSManagedObjectContext+MagicalRecord.h */ = {isa = PBXFileReference; fileEncoding = 4; lastKnownFileType = sourcecode.c.h; path = "NSManagedObjectContext+MagicalRecord.h"; sourceTree = "<group>"; };
		09E8C3781FCD6EC900FA7040 /* NSManagedObjectContext+MagicalThreading.h */ = {isa = PBXFileReference; fileEncoding = 4; lastKnownFileType = sourcecode.c.h; path = "NSManagedObjectContext+MagicalThreading.h"; sourceTree = "<group>"; };
		09E8C3791FCD6EC900FA7040 /* NSManagedObjectContext+MagicalSaves.m */ = {isa = PBXFileReference; fileEncoding = 4; lastKnownFileType = sourcecode.c.objc; path = "NSManagedObjectContext+MagicalSaves.m"; sourceTree = "<group>"; };
		09E8C37A1FCD6EC900FA7040 /* NSManagedObjectContext+MagicalObserving.m */ = {isa = PBXFileReference; fileEncoding = 4; lastKnownFileType = sourcecode.c.objc; path = "NSManagedObjectContext+MagicalObserving.m"; sourceTree = "<group>"; };
		09E8C37B1FCD6EC900FA7040 /* NSManagedObjectContext+MagicalRecord.m */ = {isa = PBXFileReference; fileEncoding = 4; lastKnownFileType = sourcecode.c.objc; path = "NSManagedObjectContext+MagicalRecord.m"; sourceTree = "<group>"; };
		09E8C37C1FCD6EC900FA7040 /* NSManagedObjectContext+MagicalSaves.h */ = {isa = PBXFileReference; fileEncoding = 4; lastKnownFileType = sourcecode.c.h; path = "NSManagedObjectContext+MagicalSaves.h"; sourceTree = "<group>"; };
		09E8C37D1FCD6EC900FA7040 /* NSManagedObjectContext+MagicalThreading.m */ = {isa = PBXFileReference; fileEncoding = 4; lastKnownFileType = sourcecode.c.objc; path = "NSManagedObjectContext+MagicalThreading.m"; sourceTree = "<group>"; };
		09E8C37F1FCD6EC900FA7040 /* NSNumber+MagicalDataImport.m */ = {isa = PBXFileReference; fileEncoding = 4; lastKnownFileType = sourcecode.c.objc; path = "NSNumber+MagicalDataImport.m"; sourceTree = "<group>"; };
		09E8C3801FCD6EC900FA7040 /* NSRelationshipDescription+MagicalDataImport.h */ = {isa = PBXFileReference; fileEncoding = 4; lastKnownFileType = sourcecode.c.h; path = "NSRelationshipDescription+MagicalDataImport.h"; sourceTree = "<group>"; };
		09E8C3811FCD6EC900FA7040 /* NSObject+MagicalDataImport.h */ = {isa = PBXFileReference; fileEncoding = 4; lastKnownFileType = sourcecode.c.h; path = "NSObject+MagicalDataImport.h"; sourceTree = "<group>"; };
		09E8C3821FCD6EC900FA7040 /* MagicalImportFunctions.h */ = {isa = PBXFileReference; fileEncoding = 4; lastKnownFileType = sourcecode.c.h; path = MagicalImportFunctions.h; sourceTree = "<group>"; };
		09E8C3831FCD6EC900FA7040 /* NSEntityDescription+MagicalDataImport.h */ = {isa = PBXFileReference; fileEncoding = 4; lastKnownFileType = sourcecode.c.h; path = "NSEntityDescription+MagicalDataImport.h"; sourceTree = "<group>"; };
		09E8C3841FCD6EC900FA7040 /* NSAttributeDescription+MagicalDataImport.m */ = {isa = PBXFileReference; fileEncoding = 4; lastKnownFileType = sourcecode.c.objc; path = "NSAttributeDescription+MagicalDataImport.m"; sourceTree = "<group>"; };
		09E8C3851FCD6EC900FA7040 /* NSString+MagicalDataImport.h */ = {isa = PBXFileReference; fileEncoding = 4; lastKnownFileType = sourcecode.c.h; path = "NSString+MagicalDataImport.h"; sourceTree = "<group>"; };
		09E8C3861FCD6EC900FA7040 /* NSNumber+MagicalDataImport.h */ = {isa = PBXFileReference; fileEncoding = 4; lastKnownFileType = sourcecode.c.h; path = "NSNumber+MagicalDataImport.h"; sourceTree = "<group>"; };
		09E8C3871FCD6EC900FA7040 /* NSEntityDescription+MagicalDataImport.m */ = {isa = PBXFileReference; fileEncoding = 4; lastKnownFileType = sourcecode.c.objc; path = "NSEntityDescription+MagicalDataImport.m"; sourceTree = "<group>"; };
		09E8C3881FCD6EC900FA7040 /* MagicalImportFunctions.m */ = {isa = PBXFileReference; fileEncoding = 4; lastKnownFileType = sourcecode.c.objc; path = MagicalImportFunctions.m; sourceTree = "<group>"; };
		09E8C3891FCD6EC900FA7040 /* NSObject+MagicalDataImport.m */ = {isa = PBXFileReference; fileEncoding = 4; lastKnownFileType = sourcecode.c.objc; path = "NSObject+MagicalDataImport.m"; sourceTree = "<group>"; };
		09E8C38A1FCD6EC900FA7040 /* NSRelationshipDescription+MagicalDataImport.m */ = {isa = PBXFileReference; fileEncoding = 4; lastKnownFileType = sourcecode.c.objc; path = "NSRelationshipDescription+MagicalDataImport.m"; sourceTree = "<group>"; };
		09E8C38B1FCD6EC900FA7040 /* NSAttributeDescription+MagicalDataImport.h */ = {isa = PBXFileReference; fileEncoding = 4; lastKnownFileType = sourcecode.c.h; path = "NSAttributeDescription+MagicalDataImport.h"; sourceTree = "<group>"; };
		09E8C38C1FCD6EC900FA7040 /* NSString+MagicalDataImport.m */ = {isa = PBXFileReference; fileEncoding = 4; lastKnownFileType = sourcecode.c.objc; path = "NSString+MagicalDataImport.m"; sourceTree = "<group>"; };
		09E8C38D1FCD6EC900FA7040 /* NSManagedObjectModel+MagicalRecord.h */ = {isa = PBXFileReference; fileEncoding = 4; lastKnownFileType = sourcecode.c.h; path = "NSManagedObjectModel+MagicalRecord.h"; sourceTree = "<group>"; };
		09E8C38E1FCD6EC900FA7040 /* NSPersistentStore+MagicalRecord.h */ = {isa = PBXFileReference; fileEncoding = 4; lastKnownFileType = sourcecode.c.h; path = "NSPersistentStore+MagicalRecord.h"; sourceTree = "<group>"; };
		09E8C38F1FCD6EC900FA7040 /* NSPersistentStoreCoordinator+MagicalRecord.m */ = {isa = PBXFileReference; fileEncoding = 4; lastKnownFileType = sourcecode.c.objc; path = "NSPersistentStoreCoordinator+MagicalRecord.m"; sourceTree = "<group>"; };
		09E8E1431FD4F40900119CE2 /* UseAccountViewController.h */ = {isa = PBXFileReference; fileEncoding = 4; lastKnownFileType = sourcecode.c.h; path = UseAccountViewController.h; sourceTree = "<group>"; };
		09E8E1441FD4F40900119CE2 /* UseAccountViewController.m */ = {isa = PBXFileReference; fileEncoding = 4; lastKnownFileType = sourcecode.c.objc; path = UseAccountViewController.m; sourceTree = "<group>"; };
		09E8E1481FD5473300119CE2 /* BaseViewController.h */ = {isa = PBXFileReference; fileEncoding = 4; lastKnownFileType = sourcecode.c.h; path = BaseViewController.h; sourceTree = "<group>"; };
		09E8E1491FD5473300119CE2 /* BaseViewController.m */ = {isa = PBXFileReference; fileEncoding = 4; lastKnownFileType = sourcecode.c.objc; path = BaseViewController.m; sourceTree = "<group>"; };
		09FA36D11FC7FA780005335A /* en */ = {isa = PBXFileReference; lastKnownFileType = text.plist.strings; name = en; path = en.lproj/LaunchScreen.strings; sourceTree = "<group>"; };
		09FA36D51FC7FAED0005335A /* en */ = {isa = PBXFileReference; lastKnownFileType = text.plist.strings; name = en; path = en.lproj/Localizable.strings; sourceTree = "<group>"; };
		09FA36D71FC7FAF10005335A /* Base */ = {isa = PBXFileReference; lastKnownFileType = text.plist.strings; name = Base; path = Base.lproj/Localizable.strings; sourceTree = "<group>"; };
		09FA36D81FC7FD2A0005335A /* zh-Hans */ = {isa = PBXFileReference; lastKnownFileType = text.plist.strings; name = "zh-Hans"; path = "zh-Hans.lproj/Main.strings"; sourceTree = "<group>"; };
		09FA36D91FC7FD2B0005335A /* zh-Hans */ = {isa = PBXFileReference; lastKnownFileType = text.plist.strings; name = "zh-Hans"; path = "zh-Hans.lproj/LaunchScreen.strings"; sourceTree = "<group>"; };
		09FA36DA1FC7FD2B0005335A /* zh-Hans */ = {isa = PBXFileReference; lastKnownFileType = text.plist.strings; name = "zh-Hans"; path = "zh-Hans.lproj/Localizable.strings"; sourceTree = "<group>"; };
		09FA36DE1FC804280005335A /* en */ = {isa = PBXFileReference; lastKnownFileType = text.plist.strings; name = en; path = en.lproj/Main.strings; sourceTree = "<group>"; };
		09FA36E21FC810240005335A /* UIImage+NGMethods.h */ = {isa = PBXFileReference; fileEncoding = 4; lastKnownFileType = sourcecode.c.h; name = "UIImage+NGMethods.h"; path = "Libs/UIImage+NGMethods.h"; sourceTree = "<group>"; };
		09FA36E31FC810240005335A /* UIImage+NGMethods.m */ = {isa = PBXFileReference; fileEncoding = 4; lastKnownFileType = sourcecode.c.objc; name = "UIImage+NGMethods.m"; path = "Libs/UIImage+NGMethods.m"; sourceTree = "<group>"; };
		09FA36E41FC810240005335A /* UIView+Frame.h */ = {isa = PBXFileReference; fileEncoding = 4; lastKnownFileType = sourcecode.c.h; name = "UIView+Frame.h"; path = "Libs/UIView+Frame.h"; sourceTree = "<group>"; };
		09FA36E51FC810240005335A /* UIView+Frame.m */ = {isa = PBXFileReference; fileEncoding = 4; lastKnownFileType = sourcecode.c.objc; name = "UIView+Frame.m"; path = "Libs/UIView+Frame.m"; sourceTree = "<group>"; };
		09FA36ED1FC81B7B0005335A /* CoreGraphics.framework */ = {isa = PBXFileReference; lastKnownFileType = wrapper.framework; name = CoreGraphics.framework; path = System/Library/Frameworks/CoreGraphics.framework; sourceTree = SDKROOT; };
/* End PBXFileReference section */

/* Begin PBXFrameworksBuildPhase section */
		098E5BC21FB19A3C005A1991 /* Frameworks */ = {
			isa = PBXFrameworksBuildPhase;
			buildActionMask = 2147483647;
			files = (
				09B14DF51FCC13DE001CEC81 /* AVFoundation.framework in Frameworks */,
				09FA36EE1FC81B7B0005335A /* CoreGraphics.framework in Frameworks */,
				095C8DF41FB45DBF0085B01E /* MobileCoreServices.framework in Frameworks */,
				095C8D961FB4341D0085B01E /* CoreData.framework in Frameworks */,
				095C8D941FB433DC0085B01E /* CoreFoundation.framework in Frameworks */,
				095C8D921FB433D60085B01E /* Foundation.framework in Frameworks */,
				095C8D901FB433D00085B01E /* UIKit.framework in Frameworks */,
				095C8D8E1FB433CB0085B01E /* SystemConfiguration.framework in Frameworks */,
				095C8D6D1FB404680085B01E /* libAFNetworking.a in Frameworks */,
			);
			runOnlyForDeploymentPostprocessing = 0;
		};
/* End PBXFrameworksBuildPhase section */

/* Begin PBXGroup section */
		091FC4161FD0FBA2009E534B /* Model */ = {
			isa = PBXGroup;
			children = (
				0997703E1FD0049800A128A4 /* CurrentModel.xcdatamodeld */,
				091FC41B1FD0FBA2009E534B /* NSModel.h */,
				091FC41E1FD0FBA2009E534B /* NSModel.m */,
				091FC41C1FD0FBA2009E534B /* NSUserAccount.h */,
				091FC4171FD0FBA2009E534B /* NSUserAccount.m */,
				091FC41F1FD0FBA2009E534B /* NGObjectFillHelper.h */,
				091FC41A1FD0FBA2009E534B /* NGObjectFillHelper.m */,
				091FC4201FD0FBA2009E534B /* NSUserAccount+CoreDataProperties.h */,
				091FC4191FD0FBA2009E534B /* NSUserAccount+CoreDataProperties.m */,
			);
			path = Model;
			sourceTree = "<group>";
		};
		091FC4261FD0FBD1009E534B /* ViewController */ = {
			isa = PBXGroup;
			children = (
				091FC4271FD0FBD1009E534B /* AppViewController.swift */,
				09E8E1481FD5473300119CE2 /* BaseViewController.h */,
				09E8E1491FD5473300119CE2 /* BaseViewController.m */,
				091FC42C1FD0FBD1009E534B /* MainViewController.h */,
				091FC42A1FD0FBD1009E534B /* MainViewController.m */,
				091FC42D1FD0FBD1009E534B /* SubViewController.h */,
				091FC4291FD0FBD1009E534B /* SubViewController.m */,
				091FC4281FD0FBD1009E534B /* QRViewController.h */,
				091FC42B1FD0FBD1009E534B /* QRViewController.m */,
				09E8E1431FD4F40900119CE2 /* UseAccountViewController.h */,
				09E8E1441FD4F40900119CE2 /* UseAccountViewController.m */,
			);
			path = ViewController;
			sourceTree = "<group>";
		};
		095C8C451FB3EB9E0085B01E /* ConfigFiles */ = {
			isa = PBXGroup;
			children = (
				098E5BE71FB19E68005A1991 /* ConfigTest-Bridging-Header.h */,
				098E5BE21FB19E12005A1991 /* PrefixHeader.pch */,
				098E5BFB1FB1C3DE005A1991 /* DebugDefined.h */,
				098E5BFA1FB1B9F6005A1991 /* CustomDefines.h */,
			);
			name = ConfigFiles;
			sourceTree = "<group>";
		};
		095C8C461FB3EF150085B01E /* Http */ = {
			isa = PBXGroup;
			children = (
				095C8CBD1FB3F6AC0085B01E /* RequestTagList.h */,
				095C8CBE1FB3F6AC0085B01E /* RequestUrls.h */,
				095C8C7F1FB3F3E80085B01E /* http */,
				095C8C471FB3F05C0085B01E /* AFNetworking */,
			);
			name = Http;
			path = ConfigTest;
			sourceTree = "<group>";
		};
		095C8C471FB3F05C0085B01E /* AFNetworking */ = {
			isa = PBXGroup;
			children = (
				095C8D451FB404680085B01E /* AFNetworking */,
			);
			path = AFNetworking;
			sourceTree = "<group>";
		};
		095C8C7F1FB3F3E80085B01E /* http */ = {
			isa = PBXGroup;
			children = (
				095C8C821FB3F3E80085B01E /* NGHTTPClient.h */,
				095C8C831FB3F3E80085B01E /* NGHTTPClient.m */,
				095C8C801FB3F3E80085B01E /* NGBackendClient.h */,
				095C8C811FB3F3E80085B01E /* NGBackendClient.m */,
				095C8D7F1FB4055A0085B01E /* NGRequestWrapper.h */,
				095C8D801FB4055A0085B01E /* NGRequestWrapper.m */,
				095C8D971FB434FC0085B01E /* NGRequestEndpoints.h */,
				095C8D981FB434FC0085B01E /* NGRequestEndpoints.m */,
				095C8D7D1FB4055A0085B01E /* NGCascadeRequestOperation.h */,
				095C8D7E1FB4055A0085B01E /* NGCascadeRequestOperation.m */,
				095C8D7B1FB4055A0085B01E /* NGBackendRequestOperation.h */,
				095C8D7C1FB4055A0085B01E /* NGBackendRequestOperation.m */,
				091FC4391FD0FE9F009E534B /* NGJSONParametersKeys.h */,
				091FC43A1FD0FE9F009E534B /* NGJSONParametersKeys.m */,
			);
			path = http;
			sourceTree = "<group>";
		};
		095C8D451FB404680085B01E /* AFNetworking */ = {
			isa = PBXGroup;
			children = (
				095C8D461FB404680085B01E /* Headers */,
				095C8D511FB404680085B01E /* libAFNetworking.a */,
			);
			path = AFNetworking;
			sourceTree = "<group>";
		};
		095C8D461FB404680085B01E /* Headers */ = {
			isa = PBXGroup;
			children = (
				095C8D471FB404680085B01E /* AFHTTPClient.h */,
				095C8D841FB41EB90085B01E /* AFHTTPRequestOperation.h */,
				095C8D491FB404680085B01E /* AFImageRequestOperation.h */,
				095C8D4A1FB404680085B01E /* AFJSONRequestOperation.h */,
				095C8D4B1FB404680085B01E /* AFNetworkActivityIndicatorManager.h */,
				095C8D4C1FB404680085B01E /* AFNetworking.h */,
				095C8D4D1FB404680085B01E /* AFPropertyListRequestOperation.h */,
				095C8D4E1FB404680085B01E /* AFURLConnectionOperation.h */,
				095C8D4F1FB404680085B01E /* AFXMLRequestOperation.h */,
				095C8D501FB404680085B01E /* UIImageView+AFNetworking.h */,
			);
			path = Headers;
			sourceTree = "<group>";
		};
		095C8D881FB431700085B01E /* Libs */ = {
			isa = PBXGroup;
			children = (
				09E8C3541FCD6EC900FA7040 /* MagicalRecord-2.2 */,
				095C8DEA1FB45B840085B01E /* MBProgressHUD */,
				09FA36E21FC810240005335A /* UIImage+NGMethods.h */,
				09FA36E31FC810240005335A /* UIImage+NGMethods.m */,
				09FA36E41FC810240005335A /* UIView+Frame.h */,
				09FA36E51FC810240005335A /* UIView+Frame.m */,
				095C8D891FB431960085B01E /* KeychainItemWrapper.h */,
				095C8D8A1FB431960085B01E /* KeychainItemWrapper.m */,
			);
			name = Libs;
			sourceTree = "<group>";
		};
		095C8D8C1FB433CB0085B01E /* Frameworks */ = {
			isa = PBXGroup;
			children = (
				09B14DF41FCC13DE001CEC81 /* AVFoundation.framework */,
				09FA36ED1FC81B7B0005335A /* CoreGraphics.framework */,
				095C8DF31FB45DBF0085B01E /* MobileCoreServices.framework */,
				095C8D951FB4341D0085B01E /* CoreData.framework */,
				095C8D931FB433DC0085B01E /* CoreFoundation.framework */,
				095C8D911FB433D60085B01E /* Foundation.framework */,
				095C8D8F1FB433D00085B01E /* UIKit.framework */,
				095C8D8D1FB433CB0085B01E /* SystemConfiguration.framework */,
			);
			name = Frameworks;
			sourceTree = "<group>";
		};
		095C8DA91FB44C690085B01E /* CurrentBrand */ = {
			isa = PBXGroup;
			children = (
				095C8DAC1FB44C8E0085B01E /* BrandedImages.xcassets */,
				095C8DAA1FB44C820085B01E /* ConfigSetting.xcconfig */,
				095C8DA31FB443040085B01E /* Branding.plist */,
			);
			name = CurrentBrand;
			sourceTree = "<group>";
		};
		095C8DAE1FB44D4E0085B01E /* Scripts */ = {
			isa = PBXGroup;
			children = (
			);
			path = Scripts;
			sourceTree = "<group>";
		};
		095C8DE71FB44DC70085B01E /* Resources */ = {
			isa = PBXGroup;
			children = (
				095C8DE81FB44DC70085B01E /* XCAssets */,
			);
			path = Resources;
			sourceTree = "<group>";
		};
		095C8DE81FB44DC70085B01E /* XCAssets */ = {
			isa = PBXGroup;
			children = (
			);
			path = XCAssets;
			sourceTree = "<group>";
		};
		095C8DEA1FB45B840085B01E /* MBProgressHUD */ = {
			isa = PBXGroup;
			children = (
				095C8DEB1FB45B840085B01E /* MBProgressHUD+CZ.h */,
				095C8DEC1FB45B840085B01E /* MBProgressHUD+CZ.m */,
				095C8DED1FB45B840085B01E /* MBProgressHUD.bundle */,
				095C8DEE1FB45B840085B01E /* MBProgressHUD.h */,
				095C8DEF1FB45B840085B01E /* MBProgressHUD.m */,
			);
			name = MBProgressHUD;
			path = Libs/MBProgressHUD;
			sourceTree = "<group>";
		};
		098E5BBC1FB19A3C005A1991 = {
			isa = PBXGroup;
			children = (
				095C8DAE1FB44D4E0085B01E /* Scripts */,
				095C8DA91FB44C690085B01E /* CurrentBrand */,
				095C8C461FB3EF150085B01E /* Http */,
				098E5BC71FB19A3C005A1991 /* ConfigTest */,
				095C8DE71FB44DC70085B01E /* Resources */,
				098E5BC61FB19A3C005A1991 /* Products */,
				095C8D8C1FB433CB0085B01E /* Frameworks */,
			);
			sourceTree = "<group>";
		};
		098E5BC61FB19A3C005A1991 /* Products */ = {
			isa = PBXGroup;
			children = (
				098E5BC51FB19A3C005A1991 /* ConfigTest.app */,
			);
			name = Products;
			sourceTree = "<group>";
		};
		098E5BC71FB19A3C005A1991 /* ConfigTest */ = {
			isa = PBXGroup;
			children = (
				095C8C451FB3EB9E0085B01E /* ConfigFiles */,
				095C8D881FB431700085B01E /* Libs */,
				098E5BCB1FB19A3C005A1991 /* AppDelegate.h */,
				098E5BCC1FB19A3C005A1991 /* AppDelegate.m */,
				091FC4161FD0FBA2009E534B /* Model */,
				091FC4261FD0FBD1009E534B /* ViewController */,
				09E8E1461FD509B700119CE2 /* Tools */,
				0979DEA01FC6C18A00AA1D34 /* Main.storyboard */,
				098E5BC81FB19A3C005A1991 /* Supporting Files */,
			);
			path = ConfigTest;
			sourceTree = "<group>";
		};
		098E5BC81FB19A3C005A1991 /* Supporting Files */ = {
			isa = PBXGroup;
			children = (
				098E5BD41FB19A3C005A1991 /* Assets.xcassets */,
				098E5BD61FB19A3C005A1991 /* LaunchScreen.storyboard */,
				098E5BD91FB19A3C005A1991 /* Info.plist */,
				09FA36D61FC7FAED0005335A /* Localizable.strings */,
				098E5BC91FB19A3C005A1991 /* main.m */,
			);
			name = "Supporting Files";
			sourceTree = "<group>";
		};
		09E8C3541FCD6EC900FA7040 /* MagicalRecord-2.2 */ = {
			isa = PBXGroup;
			children = (
				09E8C3651FCD6EC900FA7040 /* CoreData+MagicalRecord.h */,
				09E8C3551FCD6EC900FA7040 /* Core */,
				09E8C3661FCD6EC900FA7040 /* Categories */,
			);
			name = "MagicalRecord-2.2";
			path = "Libs/MagicalRecord-2.2";
			sourceTree = "<group>";
		};
		09E8C3551FCD6EC900FA7040 /* Core */ = {
			isa = PBXGroup;
			children = (
				09E8C3561FCD6EC900FA7040 /* MagicalRecordShorthand.h */,
				09E8C3571FCD6EC900FA7040 /* MagicalRecord+iCloud.m */,
				09E8C3581FCD6EC900FA7040 /* MagicalRecord+Actions.h */,
				09E8C3591FCD6EC900FA7040 /* MagicalRecord+ShorthandSupport.h */,
				09E8C35A1FCD6EC900FA7040 /* MagicalRecord+Setup.m */,
				09E8C35B1FCD6EC900FA7040 /* MagicalRecord+ErrorHandling.h */,
				09E8C35C1FCD6EC900FA7040 /* MagicalRecord.m */,
				09E8C35D1FCD6EC900FA7040 /* MagicalRecord+Options.h */,
				09E8C35E1FCD6EC900FA7040 /* MagicalRecord+Actions.m */,
				09E8C35F1FCD6EC900FA7040 /* MagicalRecord+iCloud.h */,
				09E8C3601FCD6EC900FA7040 /* MagicalRecord+ShorthandSupport.m */,
				09E8C3611FCD6EC900FA7040 /* MagicalRecord+Options.m */,
				09E8C3621FCD6EC900FA7040 /* MagicalRecord.h */,
				09E8C3631FCD6EC900FA7040 /* MagicalRecord+ErrorHandling.m */,
				09E8C3641FCD6EC900FA7040 /* MagicalRecord+Setup.h */,
			);
			path = Core;
			sourceTree = "<group>";
		};
		09E8C3661FCD6EC900FA7040 /* Categories */ = {
			isa = PBXGroup;
			children = (
				09E8C3671FCD6EC900FA7040 /* NSPersistentStore+MagicalRecord.m */,
				09E8C3681FCD6EC900FA7040 /* NSManagedObjectModel+MagicalRecord.m */,
				09E8C3691FCD6EC900FA7040 /* NSPersistentStoreCoordinator+MagicalRecord.h */,
				09E8C36A1FCD6EC900FA7040 /* NSManagedObject */,
				09E8C3751FCD6EC900FA7040 /* NSManagedObjectContext */,
				09E8C37E1FCD6EC900FA7040 /* DataImport */,
				09E8C38D1FCD6EC900FA7040 /* NSManagedObjectModel+MagicalRecord.h */,
				09E8C38E1FCD6EC900FA7040 /* NSPersistentStore+MagicalRecord.h */,
				09E8C38F1FCD6EC900FA7040 /* NSPersistentStoreCoordinator+MagicalRecord.m */,
			);
			path = Categories;
			sourceTree = "<group>";
		};
		09E8C36A1FCD6EC900FA7040 /* NSManagedObject */ = {
			isa = PBXGroup;
			children = (
				09E8C36B1FCD6EC900FA7040 /* NSManagedObject+MagicalFinders.m */,
				09E8C36C1FCD6EC900FA7040 /* NSManagedObject+MagicalDataImport.h */,
				09E8C36D1FCD6EC900FA7040 /* NSManagedObject+MagicalAggregation.h */,
				09E8C36E1FCD6EC900FA7040 /* NSManagedObject+MagicalRecord.m */,
				09E8C36F1FCD6EC900FA7040 /* NSManagedObject+MagicalRequests.h */,
				09E8C3701FCD6EC900FA7040 /* NSManagedObject+MagicalFinders.h */,
				09E8C3711FCD6EC900FA7040 /* NSManagedObject+MagicalAggregation.m */,
				09E8C3721FCD6EC900FA7040 /* NSManagedObject+MagicalDataImport.m */,
				09E8C3731FCD6EC900FA7040 /* NSManagedObject+MagicalRecord.h */,
				09E8C3741FCD6EC900FA7040 /* NSManagedObject+MagicalRequests.m */,
			);
			path = NSManagedObject;
			sourceTree = "<group>";
		};
		09E8C3751FCD6EC900FA7040 /* NSManagedObjectContext */ = {
			isa = PBXGroup;
			children = (
				09E8C3761FCD6EC900FA7040 /* NSManagedObjectContext+MagicalObserving.h */,
				09E8C3771FCD6EC900FA7040 /* NSManagedObjectContext+MagicalRecord.h */,
				09E8C3781FCD6EC900FA7040 /* NSManagedObjectContext+MagicalThreading.h */,
				09E8C3791FCD6EC900FA7040 /* NSManagedObjectContext+MagicalSaves.m */,
				09E8C37A1FCD6EC900FA7040 /* NSManagedObjectContext+MagicalObserving.m */,
				09E8C37B1FCD6EC900FA7040 /* NSManagedObjectContext+MagicalRecord.m */,
				09E8C37C1FCD6EC900FA7040 /* NSManagedObjectContext+MagicalSaves.h */,
				09E8C37D1FCD6EC900FA7040 /* NSManagedObjectContext+MagicalThreading.m */,
			);
			path = NSManagedObjectContext;
			sourceTree = "<group>";
		};
		09E8C37E1FCD6EC900FA7040 /* DataImport */ = {
			isa = PBXGroup;
			children = (
				09E8C37F1FCD6EC900FA7040 /* NSNumber+MagicalDataImport.m */,
				09E8C3801FCD6EC900FA7040 /* NSRelationshipDescription+MagicalDataImport.h */,
				09E8C3811FCD6EC900FA7040 /* NSObject+MagicalDataImport.h */,
				09E8C3821FCD6EC900FA7040 /* MagicalImportFunctions.h */,
				09E8C3831FCD6EC900FA7040 /* NSEntityDescription+MagicalDataImport.h */,
				09E8C3841FCD6EC900FA7040 /* NSAttributeDescription+MagicalDataImport.m */,
				09E8C3851FCD6EC900FA7040 /* NSString+MagicalDataImport.h */,
				09E8C3861FCD6EC900FA7040 /* NSNumber+MagicalDataImport.h */,
				09E8C3871FCD6EC900FA7040 /* NSEntityDescription+MagicalDataImport.m */,
				09E8C3881FCD6EC900FA7040 /* MagicalImportFunctions.m */,
				09E8C3891FCD6EC900FA7040 /* NSObject+MagicalDataImport.m */,
				09E8C38A1FCD6EC900FA7040 /* NSRelationshipDescription+MagicalDataImport.m */,
				09E8C38B1FCD6EC900FA7040 /* NSAttributeDescription+MagicalDataImport.h */,
				09E8C38C1FCD6EC900FA7040 /* NSString+MagicalDataImport.m */,
			);
			path = DataImport;
			sourceTree = "<group>";
		};
		09E8E1461FD509B700119CE2 /* Tools */ = {
			isa = PBXGroup;
			children = (
				09A4115D1FC426C50092FD46 /* NGViewHighlightControl.h */,
				09A4115E1FC426C50092FD46 /* NGViewHighlightControl.m */,
			);
			name = Tools;
			sourceTree = "<group>";
		};
/* End PBXGroup section */

/* Begin PBXNativeTarget section */
		098E5BC41FB19A3C005A1991 /* ConfigTest */ = {
			isa = PBXNativeTarget;
			buildConfigurationList = 098E5BDC1FB19A3C005A1991 /* Build configuration list for PBXNativeTarget "ConfigTest" */;
			buildPhases = (
				098E5BC11FB19A3C005A1991 /* Sources */,
				098E5BC21FB19A3C005A1991 /* Frameworks */,
				098E5BC31FB19A3C005A1991 /* Resources */,
				098E5BF11FB1AC1C005A1991 /* Check and Setup Localizations */,
			);
			buildRules = (
			);
			dependencies = (
			);
			name = ConfigTest;
			productName = ConfigTest;
			productReference = 098E5BC51FB19A3C005A1991 /* ConfigTest.app */;
			productType = "com.apple.product-type.application";
		};
/* End PBXNativeTarget section */

/* Begin PBXProject section */
		098E5BBD1FB19A3C005A1991 /* Project object */ = {
			isa = PBXProject;
			attributes = {
				LastUpgradeCheck = 0830;
				ORGANIZATIONNAME = "li bo";
				TargetAttributes = {
					098E5BC41FB19A3C005A1991 = {
						CreatedOnToolsVersion = 8.3.3;
						DevelopmentTeam = WTSCS3V5S3;
						LastSwiftMigration = 0830;
						ProvisioningStyle = Automatic;
					};
				};
			};
			buildConfigurationList = 098E5BC01FB19A3C005A1991 /* Build configuration list for PBXProject "ConfigTest" */;
			compatibilityVersion = "Xcode 3.2";
			developmentRegion = English;
			hasScannedForEncodings = 0;
			knownRegions = (
				Base,
				"zh-Hans",
				en,
			);
			mainGroup = 098E5BBC1FB19A3C005A1991;
			productRefGroup = 098E5BC61FB19A3C005A1991 /* Products */;
			projectDirPath = "";
			projectRoot = "";
			targets = (
				098E5BC41FB19A3C005A1991 /* ConfigTest */,
			);
		};
/* End PBXProject section */

/* Begin PBXResourcesBuildPhase section */
		098E5BC31FB19A3C005A1991 /* Resources */ = {
			isa = PBXResourcesBuildPhase;
			buildActionMask = 2147483647;
			files = (
				098E5BD81FB19A3C005A1991 /* LaunchScreen.storyboard in Resources */,
				095C8DF11FB45B840085B01E /* MBProgressHUD.bundle in Resources */,
				098E5BD51FB19A3C005A1991 /* Assets.xcassets in Resources */,
				095C8DA41FB443040085B01E /* Branding.plist in Resources */,
				095C8DAB1FB44C820085B01E /* ConfigSetting.xcconfig in Resources */,
				0979DE9E1FC6C18A00AA1D34 /* Main.storyboard in Resources */,
				095C8DAD1FB44C8E0085B01E /* BrandedImages.xcassets in Resources */,
				09FA36D41FC7FAED0005335A /* Localizable.strings in Resources */,
			);
			runOnlyForDeploymentPostprocessing = 0;
		};
/* End PBXResourcesBuildPhase section */

/* Begin PBXShellScriptBuildPhase section */
		098E5BF11FB1AC1C005A1991 /* Check and Setup Localizations */ = {
			isa = PBXShellScriptBuildPhase;
			buildActionMask = 12;
			files = (
			);
			inputPaths = (
			);
			name = "Check and Setup Localizations";
			outputPaths = (
			);
			runOnlyForDeploymentPostprocessing = 0;
			shellPath = /bin/sh;
			shellScript = "";
		};
/* End PBXShellScriptBuildPhase section */

/* Begin PBXSourcesBuildPhase section */
		098E5BC11FB19A3C005A1991 /* Sources */ = {
			isa = PBXSourcesBuildPhase;
			buildActionMask = 2147483647;
			files = (
				09E8C39E1FCD6EC900FA7040 /* NSManagedObjectContext+MagicalSaves.m in Sources */,
				09E8C3A91FCD6EC900FA7040 /* NSPersistentStoreCoordinator+MagicalRecord.m in Sources */,
				09E8C3901FCD6EC900FA7040 /* MagicalRecord+iCloud.m in Sources */,
				09E8C39D1FCD6EC900FA7040 /* NSManagedObject+MagicalRequests.m in Sources */,
				09E8C3A51FCD6EC900FA7040 /* MagicalImportFunctions.m in Sources */,
				098E5BCD1FB19A3C005A1991 /* AppDelegate.m in Sources */,
				09E8C3921FCD6EC900FA7040 /* MagicalRecord.m in Sources */,
				09E8C3931FCD6EC900FA7040 /* MagicalRecord+Actions.m in Sources */,
				09E8E1451FD4F40900119CE2 /* UseAccountViewController.m in Sources */,
				09E8E14A1FD5473300119CE2 /* BaseViewController.m in Sources */,
				09FA36E61FC810240005335A /* UIImage+NGMethods.m in Sources */,
				095C8D831FB4055A0085B01E /* NGRequestWrapper.m in Sources */,
				095C8D821FB4055A0085B01E /* NGCascadeRequestOperation.m in Sources */,
				09E8C3A21FCD6EC900FA7040 /* NSNumber+MagicalDataImport.m in Sources */,
				09E8C39B1FCD6EC900FA7040 /* NSManagedObject+MagicalAggregation.m in Sources */,
				09E8C39C1FCD6EC900FA7040 /* NSManagedObject+MagicalDataImport.m in Sources */,
				095C8C851FB3F3E80085B01E /* NGHTTPClient.m in Sources */,
				09E8C3911FCD6EC900FA7040 /* MagicalRecord+Setup.m in Sources */,
				091FC43B1FD0FE9F009E534B /* NGJSONParametersKeys.m in Sources */,
				095C8C841FB3F3E80085B01E /* NGBackendClient.m in Sources */,
				09E8C3A11FCD6EC900FA7040 /* NSManagedObjectContext+MagicalThreading.m in Sources */,
				095C8D811FB4055A0085B01E /* NGBackendRequestOperation.m in Sources */,
				09E8C3951FCD6EC900FA7040 /* MagicalRecord+Options.m in Sources */,
				095C8D8B1FB431960085B01E /* KeychainItemWrapper.m in Sources */,
				091FC4231FD0FBA2009E534B /* NSUserAccount+CoreDataProperties.m in Sources */,
				09E8C3A41FCD6EC900FA7040 /* NSEntityDescription+MagicalDataImport.m in Sources */,
				09E8C3941FCD6EC900FA7040 /* MagicalRecord+ShorthandSupport.m in Sources */,
				095C8DF21FB45B840085B01E /* MBProgressHUD.m in Sources */,
				09E8C3A81FCD6EC900FA7040 /* NSString+MagicalDataImport.m in Sources */,
				099770401FD0049800A128A4 /* CurrentModel.xcdatamodeld in Sources */,
				091FC4301FD0FBD1009E534B /* MainViewController.m in Sources */,
				09E8C39F1FCD6EC900FA7040 /* NSManagedObjectContext+MagicalObserving.m in Sources */,
				09A4115F1FC426C50092FD46 /* NGViewHighlightControl.m in Sources */,
				091FC4241FD0FBA2009E534B /* NGObjectFillHelper.m in Sources */,
				09E8C3961FCD6EC900FA7040 /* MagicalRecord+ErrorHandling.m in Sources */,
				09E8C3991FCD6EC900FA7040 /* NSManagedObject+MagicalFinders.m in Sources */,
				091FC4211FD0FBA2009E534B /* NSUserAccount.m in Sources */,
				095C8D991FB434FC0085B01E /* NGRequestEndpoints.m in Sources */,
				09E8C39A1FCD6EC900FA7040 /* NSManagedObject+MagicalRecord.m in Sources */,
				091FC4311FD0FBD1009E534B /* QRViewController.m in Sources */,
				09E8C3981FCD6EC900FA7040 /* NSManagedObjectModel+MagicalRecord.m in Sources */,
				09E8C3A71FCD6EC900FA7040 /* NSRelationshipDescription+MagicalDataImport.m in Sources */,
				09FA36E71FC810240005335A /* UIView+Frame.m in Sources */,
				091FC42F1FD0FBD1009E534B /* SubViewController.m in Sources */,
				09E8C3A31FCD6EC900FA7040 /* NSAttributeDescription+MagicalDataImport.m in Sources */,
				091FC4251FD0FBA2009E534B /* NSModel.m in Sources */,
				091FC42E1FD0FBD1009E534B /* AppViewController.swift in Sources */,
				095C8DF01FB45B840085B01E /* MBProgressHUD+CZ.m in Sources */,
				098E5BCA1FB19A3C005A1991 /* main.m in Sources */,
				09E8C3A61FCD6EC900FA7040 /* NSObject+MagicalDataImport.m in Sources */,
				09E8C3A01FCD6EC900FA7040 /* NSManagedObjectContext+MagicalRecord.m in Sources */,
				09E8C3971FCD6EC900FA7040 /* NSPersistentStore+MagicalRecord.m in Sources */,
			);
			runOnlyForDeploymentPostprocessing = 0;
		};
/* End PBXSourcesBuildPhase section */

/* Begin PBXVariantGroup section */
		0979DEA01FC6C18A00AA1D34 /* Main.storyboard */ = {
			isa = PBXVariantGroup;
			children = (
				0979DEA11FC6C19600AA1D34 /* Base */,
				09FA36D81FC7FD2A0005335A /* zh-Hans */,
				09FA36DE1FC804280005335A /* en */,
			);
			name = Main.storyboard;
			sourceTree = "<group>";
		};
		098E5BD61FB19A3C005A1991 /* LaunchScreen.storyboard */ = {
			isa = PBXVariantGroup;
			children = (
				098E5BD71FB19A3C005A1991 /* Base */,
				09FA36D11FC7FA780005335A /* en */,
				09FA36D91FC7FD2B0005335A /* zh-Hans */,
			);
			name = LaunchScreen.storyboard;
			sourceTree = "<group>";
		};
		09FA36D61FC7FAED0005335A /* Localizable.strings */ = {
			isa = PBXVariantGroup;
			children = (
				09FA36D51FC7FAED0005335A /* en */,
				09FA36D71FC7FAF10005335A /* Base */,
				09FA36DA1FC7FD2B0005335A /* zh-Hans */,
			);
			name = Localizable.strings;
			sourceTree = "<group>";
		};
/* End PBXVariantGroup section */

/* Begin XCBuildConfiguration section */
		098E5BDA1FB19A3C005A1991 /* Debug */ = {
			isa = XCBuildConfiguration;
			buildSettings = {
				ALWAYS_SEARCH_USER_PATHS = NO;
				CLANG_ANALYZER_LOCALIZABILITY_NONLOCALIZED = YES;
				CLANG_ANALYZER_NONNULL = YES;
				CLANG_ANALYZER_NUMBER_OBJECT_CONVERSION = YES_AGGRESSIVE;
				CLANG_CXX_LANGUAGE_STANDARD = "gnu++0x";
				CLANG_CXX_LIBRARY = "libc++";
				CLANG_ENABLE_MODULES = YES;
				CLANG_ENABLE_OBJC_ARC = YES;
				CLANG_WARN_BOOL_CONVERSION = YES;
				CLANG_WARN_CONSTANT_CONVERSION = YES;
				CLANG_WARN_DIRECT_OBJC_ISA_USAGE = YES_ERROR;
				CLANG_WARN_DOCUMENTATION_COMMENTS = YES;
				CLANG_WARN_EMPTY_BODY = YES;
				CLANG_WARN_ENUM_CONVERSION = YES;
				CLANG_WARN_INFINITE_RECURSION = YES;
				CLANG_WARN_INT_CONVERSION = YES;
				CLANG_WARN_OBJC_ROOT_CLASS = YES_ERROR;
				CLANG_WARN_SUSPICIOUS_MOVE = YES;
				CLANG_WARN_UNREACHABLE_CODE = YES;
				CLANG_WARN__DUPLICATE_METHOD_MATCH = YES;
				"CODE_SIGN_IDENTITY[sdk=iphoneos*]" = "iPhone Developer";
				COPY_PHASE_STRIP = NO;
				DEBUG_INFORMATION_FORMAT = dwarf;
				ENABLE_STRICT_OBJC_MSGSEND = YES;
				ENABLE_TESTABILITY = YES;
				GCC_C_LANGUAGE_STANDARD = gnu99;
				GCC_DYNAMIC_NO_PIC = NO;
				GCC_NO_COMMON_BLOCKS = YES;
				GCC_OPTIMIZATION_LEVEL = 0;
				GCC_PREPROCESSOR_DEFINITIONS = "$(value)";
				GCC_WARN_64_TO_32_BIT_CONVERSION = YES;
				GCC_WARN_ABOUT_RETURN_TYPE = YES_ERROR;
				GCC_WARN_UNDECLARED_SELECTOR = YES;
				GCC_WARN_UNINITIALIZED_AUTOS = YES_AGGRESSIVE;
				GCC_WARN_UNUSED_FUNCTION = YES;
				GCC_WARN_UNUSED_VARIABLE = YES;
				IPHONEOS_DEPLOYMENT_TARGET = 10.3;
				MTL_ENABLE_DEBUG_INFO = YES;
				ONLY_ACTIVE_ARCH = YES;
				OTHER_SWIFT_FLAGS = "-DDEBUG";
				SDKROOT = iphoneos;
				TARGETED_DEVICE_FAMILY = "1,2";
			};
			name = Debug;
		};
		098E5BDB1FB19A3C005A1991 /* Release */ = {
			isa = XCBuildConfiguration;
			buildSettings = {
				ALWAYS_SEARCH_USER_PATHS = NO;
				CLANG_ANALYZER_LOCALIZABILITY_NONLOCALIZED = YES;
				CLANG_ANALYZER_NONNULL = YES;
				CLANG_ANALYZER_NUMBER_OBJECT_CONVERSION = YES_AGGRESSIVE;
				CLANG_CXX_LANGUAGE_STANDARD = "gnu++0x";
				CLANG_CXX_LIBRARY = "libc++";
				CLANG_ENABLE_MODULES = YES;
				CLANG_ENABLE_OBJC_ARC = YES;
				CLANG_WARN_BOOL_CONVERSION = YES;
				CLANG_WARN_CONSTANT_CONVERSION = YES;
				CLANG_WARN_DIRECT_OBJC_ISA_USAGE = YES_ERROR;
				CLANG_WARN_DOCUMENTATION_COMMENTS = YES;
				CLANG_WARN_EMPTY_BODY = YES;
				CLANG_WARN_ENUM_CONVERSION = YES;
				CLANG_WARN_INFINITE_RECURSION = YES;
				CLANG_WARN_INT_CONVERSION = YES;
				CLANG_WARN_OBJC_ROOT_CLASS = YES_ERROR;
				CLANG_WARN_SUSPICIOUS_MOVE = YES;
				CLANG_WARN_UNREACHABLE_CODE = YES;
				CLANG_WARN__DUPLICATE_METHOD_MATCH = YES;
				"CODE_SIGN_IDENTITY[sdk=iphoneos*]" = "iPhone Developer";
				COPY_PHASE_STRIP = NO;
				DEBUG_INFORMATION_FORMAT = "dwarf-with-dsym";
				ENABLE_NS_ASSERTIONS = NO;
				ENABLE_STRICT_OBJC_MSGSEND = YES;
				GCC_C_LANGUAGE_STANDARD = gnu99;
				GCC_NO_COMMON_BLOCKS = YES;
				GCC_WARN_64_TO_32_BIT_CONVERSION = YES;
				GCC_WARN_ABOUT_RETURN_TYPE = YES_ERROR;
				GCC_WARN_UNDECLARED_SELECTOR = YES;
				GCC_WARN_UNINITIALIZED_AUTOS = YES_AGGRESSIVE;
				GCC_WARN_UNUSED_FUNCTION = YES;
				GCC_WARN_UNUSED_VARIABLE = YES;
				IPHONEOS_DEPLOYMENT_TARGET = 10.3;
				MTL_ENABLE_DEBUG_INFO = NO;
				SDKROOT = iphoneos;
				TARGETED_DEVICE_FAMILY = "1,2";
				VALIDATE_PRODUCT = YES;
			};
			name = Release;
		};
		098E5BDD1FB19A3C005A1991 /* Debug */ = {
			isa = XCBuildConfiguration;
			baseConfigurationReference = 095C8DAA1FB44C820085B01E /* ConfigSetting.xcconfig */;
			buildSettings = {
				ASSETCATALOG_COMPILER_APPICON_NAME = AppIcon;
				CLANG_ENABLE_MODULES = YES;
				CODE_SIGN_IDENTITY = "iPhone Developer";
				"CODE_SIGN_IDENTITY[sdk=iphoneos*]" = "iPhone Developer";
				DEVELOPMENT_TEAM = WTSCS3V5S3;
				GCC_PREFIX_HEADER = "$(SRCROOT)/PrefixHeader.pch";
				GCC_PREPROCESSOR_DEFINITIONS = (
					"$(value)",
					"DEBUG=1",
				);
				INFOPLIST_FILE = ConfigTest/Info.plist;
				LD_RUNPATH_SEARCH_PATHS = "$(inherited) @executable_path/Frameworks";
				LIBRARY_SEARCH_PATHS = (
					"$(inherited)",
					"$(PROJECT_DIR)/ConfigTest/AFNetworking/AFNetworking",
					"$(PROJECT_DIR)/ConfigTest/AFNetworking",
				);
				OTHER_SWIFT_FLAGS = "$(inherited)";
				PRODUCT_BUNDLE_IDENTIFIER = li.ConfigTest;
				PRODUCT_NAME = "$(TARGET_NAME)";
				PROVISIONING_PROFILE_SPECIFIER = "";
				SWIFT_OBJC_BRIDGING_HEADER = "ConfigTest-Bridging-Header.h";
				SWIFT_OPTIMIZATION_LEVEL = "-Onone";
				SWIFT_VERSION = 3.0;
			};
			name = Debug;
		};
		098E5BDE1FB19A3C005A1991 /* Release */ = {
			isa = XCBuildConfiguration;
			buildSettings = {
				ASSETCATALOG_COMPILER_APPICON_NAME = AppIcon;
				CLANG_ENABLE_MODULES = YES;
				CODE_SIGN_IDENTITY = "iPhone Developer";
				"CODE_SIGN_IDENTITY[sdk=iphoneos*]" = "iPhone Developer";
				DEVELOPMENT_TEAM = WTSCS3V5S3;
				GCC_OPTIMIZATION_LEVEL = s;
				GCC_PREFIX_HEADER = "$(SRCROOT)/PrefixHeader.pch";
				GCC_PREPROCESSOR_DEFINITIONS = "$(value)";
				INFOPLIST_FILE = ConfigTest/Info.plist;
				LD_RUNPATH_SEARCH_PATHS = "$(inherited) @executable_path/Frameworks";
				LIBRARY_SEARCH_PATHS = (
					"$(inherited)",
					"$(PROJECT_DIR)/ConfigTest/AFNetworking/AFNetworking",
					"$(PROJECT_DIR)/ConfigTest/AFNetworking",
				);
				OTHER_SWIFT_FLAGS = "";
				PRODUCT_BUNDLE_IDENTIFIER = li.ConfigTest;
				PRODUCT_NAME = "$(TARGET_NAME)";
				PROVISIONING_PROFILE_SPECIFIER = "";
				SWIFT_OBJC_BRIDGING_HEADER = "ConfigTest-Bridging-Header.h";
				SWIFT_OPTIMIZATION_LEVEL = "-Onone";
				SWIFT_VERSION = 3.0;
			};
			name = Release;
		};
/* End XCBuildConfiguration section */

/* Begin XCConfigurationList section */
		098E5BC01FB19A3C005A1991 /* Build configuration list for PBXProject "ConfigTest" */ = {
			isa = XCConfigurationList;
			buildConfigurations = (
				098E5BDA1FB19A3C005A1991 /* Debug */,
				098E5BDB1FB19A3C005A1991 /* Release */,
			);
			defaultConfigurationIsVisible = 0;
			defaultConfigurationName = Release;
		};
		098E5BDC1FB19A3C005A1991 /* Build configuration list for PBXNativeTarget "ConfigTest" */ = {
			isa = XCConfigurationList;
			buildConfigurations = (
				098E5BDD1FB19A3C005A1991 /* Debug */,
				098E5BDE1FB19A3C005A1991 /* Release */,
			);
			defaultConfigurationIsVisible = 0;
			defaultConfigurationName = Release;
		};
/* End XCConfigurationList section */

/* Begin XCVersionGroup section */
		0997703E1FD0049800A128A4 /* CurrentModel.xcdatamodeld */ = {
			isa = XCVersionGroup;
			children = (
				0997703F1FD0049800A128A4 /* CurrentModel.xcdatamodel */,
			);
			currentVersion = 0997703F1FD0049800A128A4 /* CurrentModel.xcdatamodel */;
			name = CurrentModel.xcdatamodeld;
			path = ../CurrentModel.xcdatamodeld;
			sourceTree = "<group>";
			versionGroupType = wrapper.xcdatamodel;
		};
/* End XCVersionGroup section */
	};
	rootObject = 098E5BBD1FB19A3C005A1991 /* Project object */;
}
